
Microsoft Visual Studio Solution File, Format Version 12.00
# Visual Studio Version 17
VisualStudioVersion = 17.3.32929.385
MinimumVisualStudioVersion = 10.0.40219.1
Project("{888888A0-9F3D-457C-B088-3A5042F75D52}") = "Pilningsmeny", "Pilningsmeny.pyproj", "{67A950C6-C0A3-4555-ABFB-3E524D0BE228}"
EndProject
Global
	GlobalSection(SolutionConfigurationPlatforms) = preSolution
		Debug|Any CPU = Debug|Any CPU
		Release|Any CPU = Release|Any CPU
	EndGlobalSection
	GlobalSection(ProjectConfigurationPlatforms) = postSolution
		{67A950C6-C0A3-4555-ABFB-3E524D0BE228}.Debug|Any CPU.ActiveCfg = Debug|Any CPU
		{67A950C6-C0A3-4555-ABFB-3E524D0BE228}.Release|Any CPU.ActiveCfg = Release|Any CPU
	EndGlobalSection
	GlobalSection(SolutionProperties) = preSolution
		HideSolutionNode = FALSE
	EndGlobalSection
	GlobalSection(ExtensibilityGlobals) = postSolution
		SolutionGuid = {5D6B67CD-AEC9-4F4F-B8C4-496FFB9A84ED}
	EndGlobalSection
EndGlobal
